// !$*UTF8*$!
{
	archiveVersion = 1;
	classes = {
	};
	objectVersion = 50;
	objects = {

/* Begin PBXBuildFile section */
		D46EA2D228A1A96D00F77831 /* AppDelegate.swift in Sources */ = {isa = PBXBuildFile; fileRef = D46EA2D128A1A96D00F77831 /* AppDelegate.swift */; };
		D46EA2D428A1A96D00F77831 /* SceneDelegate.swift in Sources */ = {isa = PBXBuildFile; fileRef = D46EA2D328A1A96D00F77831 /* SceneDelegate.swift */; };
		D46EA2D928A1A96D00F77831 /* Main.storyboard in Resources */ = {isa = PBXBuildFile; fileRef = D46EA2D728A1A96D00F77831 /* Main.storyboard */; };
		D46EA2DB28A1A96E00F77831 /* Assets.xcassets in Resources */ = {isa = PBXBuildFile; fileRef = D46EA2DA28A1A96E00F77831 /* Assets.xcassets */; };
		D46EA2DE28A1A96E00F77831 /* LaunchScreen.storyboard in Resources */ = {isa = PBXBuildFile; fileRef = D46EA2DC28A1A96E00F77831 /* LaunchScreen.storyboard */; };
		D46EA2E728A1A9A300F77831 /* SettingsViewController.swift in Sources */ = {isa = PBXBuildFile; fileRef = D46EA2E628A1A9A300F77831 /* SettingsViewController.swift */; };
		D46EA2EA28A1A9BD00F77831 /* HomeViewController.swift in Sources */ = {isa = PBXBuildFile; fileRef = D46EA2E928A1A9BD00F77831 /* HomeViewController.swift */; };
		D46EA2ED28A1A9E100F77831 /* TrendsViewController.swift in Sources */ = {isa = PBXBuildFile; fileRef = D46EA2EC28A1A9E100F77831 /* TrendsViewController.swift */; };
		D46EA2F028A1AA4C00F77831 /* DetailsViewController.swift in Sources */ = {isa = PBXBuildFile; fileRef = D46EA2EF28A1AA4C00F77831 /* DetailsViewController.swift */; };
		D46EA2F328A1AAD800F77831 /* ProfileViewController.swift in Sources */ = {isa = PBXBuildFile; fileRef = D46EA2F228A1AAD800F77831 /* ProfileViewController.swift */; };
/* End PBXBuildFile section */

/* Begin PBXFileReference section */
		D46EA2CE28A1A96D00F77831 /* NavigationExample.app */ = {isa = PBXFileReference; explicitFileType = wrapper.application; includeInIndex = 0; path = NavigationExample.app; sourceTree = BUILT_PRODUCTS_DIR; };
		D46EA2D128A1A96D00F77831 /* AppDelegate.swift */ = {isa = PBXFileReference; lastKnownFileType = sourcecode.swift; path = AppDelegate.swift; sourceTree = "<group>"; };
		D46EA2D328A1A96D00F77831 /* SceneDelegate.swift */ = {isa = PBXFileReference; lastKnownFileType = sourcecode.swift; path = SceneDelegate.swift; sourceTree = "<group>"; };
		D46EA2D828A1A96D00F77831 /* Base */ = {isa = PBXFileReference; lastKnownFileType = file.storyboard; name = Base; path = Base.lproj/Main.storyboard; sourceTree = "<group>"; };
		D46EA2DA28A1A96E00F77831 /* Assets.xcassets */ = {isa = PBXFileReference; lastKnownFileType = folder.assetcatalog; path = Assets.xcassets; sourceTree = "<group>"; };
		D46EA2DD28A1A96E00F77831 /* Base */ = {isa = PBXFileReference; lastKnownFileType = file.storyboard; name = Base; path = Base.lproj/LaunchScreen.storyboard; sourceTree = "<group>"; };
		D46EA2DF28A1A96E00F77831 /* Info.plist */ = {isa = PBXFileReference; lastKnownFileType = text.plist.xml; path = Info.plist; sourceTree = "<group>"; };
		D46EA2E628A1A9A300F77831 /* SettingsViewController.swift */ = {isa = PBXFileReference; lastKnownFileType = sourcecode.swift; path = SettingsViewController.swift; sourceTree = "<group>"; };
		D46EA2E928A1A9BD00F77831 /* HomeViewController.swift */ = {isa = PBXFileReference; lastKnownFileType = sourcecode.swift; path = HomeViewController.swift; sourceTree = "<group>"; };
		D46EA2EC28A1A9E100F77831 /* TrendsViewController.swift */ = {isa = PBXFileReference; lastKnownFileType = sourcecode.swift; path = TrendsViewController.swift; sourceTree = "<group>"; };
		D46EA2EF28A1AA4C00F77831 /* DetailsViewController.swift */ = {isa = PBXFileReference; lastKnownFileType = sourcecode.swift; path = DetailsViewController.swift; sourceTree = "<group>"; };
		D46EA2F228A1AAD800F77831 /* ProfileViewController.swift */ = {isa = PBXFileReference; lastKnownFileType = sourcecode.swift; path = ProfileViewController.swift; sourceTree = "<group>"; };
/* End PBXFileReference section */

/* Begin PBXFrameworksBuildPhase section */
		D46EA2CB28A1A96D00F77831 /* Frameworks */ = {
			isa = PBXFrameworksBuildPhase;
			buildActionMask = 2147483647;
			files = (
			);
			runOnlyForDeploymentPostprocessing = 0;
		};
/* End PBXFrameworksBuildPhase section */

/* Begin PBXGroup section */
		D46EA2C528A1A96D00F77831 = {
			isa = PBXGroup;
			children = (
				D46EA2D028A1A96D00F77831 /* NavigationExample */,
				D46EA2CF28A1A96D00F77831 /* Products */,
			);
			sourceTree = "<group>";
		};
		D46EA2CF28A1A96D00F77831 /* Products */ = {
			isa = PBXGroup;
			children = (
				D46EA2CE28A1A96D00F77831 /* NavigationExample.app */,
			);
			name = Products;
			sourceTree = "<group>";
		};
		D46EA2D028A1A96D00F77831 /* NavigationExample */ = {
			isa = PBXGroup;
			children = (
				D46EA2D128A1A96D00F77831 /* AppDelegate.swift */,
				D46EA2D328A1A96D00F77831 /* SceneDelegate.swift */,
				D46EA2E628A1A9A300F77831 /* SettingsViewController.swift */,
				D46EA2E928A1A9BD00F77831 /* HomeViewController.swift */,
				D46EA2EC28A1A9E100F77831 /* TrendsViewController.swift */,
				D46EA2EF28A1AA4C00F77831 /* DetailsViewController.swift */,
				D46EA2F228A1AAD800F77831 /* ProfileViewController.swift */,
				D46EA2D728A1A96D00F77831 /* Main.storyboard */,
				D46EA2DA28A1A96E00F77831 /* Assets.xcassets */,
				D46EA2DC28A1A96E00F77831 /* LaunchScreen.storyboard */,
				D46EA2DF28A1A96E00F77831 /* Info.plist */,
			);
			path = NavigationExample;
			sourceTree = "<group>";
		};
/* End PBXGroup section */

/* Begin PBXNativeTarget section */
		D46EA2CD28A1A96D00F77831 /* NavigationExample */ = {
			isa = PBXNativeTarget;
			buildConfigurationList = D46EA2E228A1A96E00F77831 /* Build configuration list for PBXNativeTarget "NavigationExample" */;
			buildPhases = (
				D46EA2CA28A1A96D00F77831 /* Sources */,
				D46EA2CB28A1A96D00F77831 /* Frameworks */,
				D46EA2CC28A1A96D00F77831 /* Resources */,
			);
			buildRules = (
			);
			dependencies = (
			);
			name = NavigationExample;
			productName = NavigationExample;
			productReference = D46EA2CE28A1A96D00F77831 /* NavigationExample.app */;
			productType = "com.apple.product-type.application";
		};
/* End PBXNativeTarget section */

/* Begin PBXProject section */
		D46EA2C628A1A96D00F77831 /* Project object */ = {
			isa = PBXProject;
			attributes = {
				LastSwiftUpdateCheck = 1240;
				LastUpgradeCheck = 1240;
				TargetAttributes = {
					D46EA2CD28A1A96D00F77831 = {
						CreatedOnToolsVersion = 12.4;
					};
				};
			};
			buildConfigurationList = D46EA2C928A1A96D00F77831 /* Build configuration list for PBXProject "NavigationExample" */;
			compatibilityVersion = "Xcode 9.3";
			developmentRegion = en;
			hasScannedForEncodings = 0;
			knownRegions = (
				en,
				Base,
			);
			mainGroup = D46EA2C528A1A96D00F77831;
			productRefGroup = D46EA2CF28A1A96D00F77831 /* Products */;
			projectDirPath = "";
			projectRoot = "";
			targets = (
				D46EA2CD28A1A96D00F77831 /* NavigationExample */,
			);
		};
/* End PBXProject section */

/* Begin PBXResourcesBuildPhase section */
		D46EA2CC28A1A96D00F77831 /* Resources */ = {
			isa = PBXResourcesBuildPhase;
			buildActionMask = 2147483647;
			files = (
				D46EA2DE28A1A96E00F77831 /* LaunchScreen.storyboard in Resources */,
				D46EA2DB28A1A96E00F77831 /* Assets.xcassets in Resources */,
				D46EA2D928A1A96D00F77831 /* Main.storyboard in Resources */,
			);
			runOnlyForDeploymentPostprocessing = 0;
		};
/* End PBXResourcesBuildPhase section */

/* Begin PBXSourcesBuildPhase section */
		D46EA2CA28A1A96D00F77831 /* Sources */ = {
			isa = PBXSourcesBuildPhase;
			buildActionMask = 2147483647;
			files = (
				D46EA2ED28A1A9E100F77831 /* TrendsViewController.swift in Sources */,
				D46EA2EA28A1A9BD00F77831 /* HomeViewController.swift in Sources */,
				D46EA2D228A1A96D00F77831 /* AppDelegate.swift in Sources */,
				D46EA2F028A1AA4C00F77831 /* DetailsViewController.swift in Sources */,
				D46EA2D428A1A96D00F77831 /* SceneDelegate.swift in Sources */,
				D46EA2F328A1AAD800F77831 /* ProfileViewController.swift in Sources */,
				D46EA2E728A1A9A300F77831 /* SettingsViewController.swift in Sources */,
			);
			runOnlyForDeploymentPostprocessing = 0;
		};
/* End PBXSourcesBuildPhase section */

/* Begin PBXVariantGroup section */
		D46EA2D728A1A96D00F77831 /* Main.storyboard */ = {
			isa = PBXVariantGroup;
			children = (
				D46EA2D828A1A96D00F77831 /* Base */,
			);
			name = Main.storyboard;
			sourceTree = "<group>";
		};
		D46EA2DC28A1A96E00F77831 /* LaunchScreen.storyboard */ = {
			isa = PBXVariantGroup;
			children = (
				D46EA2DD28A1A96E00F77831 /* Base */,
			);
			name = LaunchScreen.storyboard;
			sourceTree = "<group>";
		};
/* End PBXVariantGroup section */

/* Begin XCBuildConfiguration section */
		D46EA2E028A1A96E00F77831 /* Debug */ = {
			isa = XCBuildConfiguration;
			buildSettings = {
				ALWAYS_SEARCH_USER_PATHS = NO;
				CLANG_ANALYZER_NONNULL = YES;
				CLANG_ANALYZER_NUMBER_OBJECT_CONVERSION = YES_AGGRESSIVE;
				CLANG_CXX_LANGUAGE_STANDARD = "gnu++14";
				CLANG_CXX_LIBRARY = "libc++";
				CLANG_ENABLE_MODULES = YES;
				CLANG_ENABLE_OBJC_ARC = YES;
				CLANG_ENABLE_OBJC_WEAK = YES;
				CLANG_WARN_BLOCK_CAPTURE_AUTORELEASING = YES;
				CLANG_WARN_BOOL_CONVERSION = YES;
				CLANG_WARN_COMMA = YES;
				CLANG_WARN_CONSTANT_CONVERSION = YES;
				CLANG_WARN_DEPRECATED_OBJC_IMPLEMENTATIONS = YES;
				CLANG_WARN_DIRECT_OBJC_ISA_USAGE = YES_ERROR;
				CLANG_WARN_DOCUMENTATION_COMMENTS = YES;
				CLANG_WARN_EMPTY_BODY = YES;
				CLANG_WARN_ENUM_CONVERSION = YES;
				CLANG_WARN_INFINITE_RECURSION = YES;
				CLANG_WARN_INT_CONVERSION = YES;
				CLANG_WARN_NON_LITERAL_NULL_CONVERSION = YES;
				CLANG_WARN_OBJC_IMPLICIT_RETAIN_SELF = YES;
				CLANG_WARN_OBJC_LITERAL_CONVERSION = YES;
				CLANG_WARN_OBJC_ROOT_CLASS = YES_ERROR;
				CLANG_WARN_QUOTED_INCLUDE_IN_FRAMEWORK_HEADER = YES;
				CLANG_WARN_RANGE_LOOP_ANALYSIS = YES;
				CLANG_WARN_STRICT_PROTOTYPES = YES;
				CLANG_WARN_SUSPICIOUS_MOVE = YES;
				CLANG_WARN_UNGUARDED_AVAILABILITY = YES_AGGRESSIVE;
				CLANG_WARN_UNREACHABLE_CODE = YES;
				CLANG_WARN__DUPLICATE_METHOD_MATCH = YES;
				COPY_PHASE_STRIP = NO;
				DEBUG_INFORMATION_FORMAT = dwarf;
				ENABLE_STRICT_OBJC_MSGSEND = YES;
				ENABLE_TESTABILITY = YES;
				GCC_C_LANGUAGE_STANDARD = gnu11;
				GCC_DYNAMIC_NO_PIC = NO;
				GCC_NO_COMMON_BLOCKS = YES;
				GCC_OPTIMIZATION_LEVEL = 0;
				GCC_PREPROCESSOR_DEFINITIONS = (
					"DEBUG=1",
					"$(inherited)",
				);
				GCC_WARN_64_TO_32_BIT_CONVERSION = YES;
				GCC_WARN_ABOUT_RETURN_TYPE = YES_ERROR;
				GCC_WARN_UNDECLARED_SELECTOR = YES;
				GCC_WARN_UNINITIALIZED_AUTOS = YES_AGGRESSIVE;
				GCC_WARN_UNUSED_FUNCTION = YES;
				GCC_WARN_UNUSED_VARIABLE = YES;
				IPHONEOS_DEPLOYMENT_TARGET = 14.4;
				MTL_ENABLE_DEBUG_INFO = INCLUDE_SOURCE;
				MTL_FAST_MATH = YES;
				ONLY_ACTIVE_ARCH = YES;
				SDKROOT = iphoneos;
				SWIFT_ACTIVE_COMPILATION_CONDITIONS = DEBUG;
				SWIFT_OPTIMIZATION_LEVEL = "-Onone";
			};
			name = Debug;
		};
		D46EA2E128A1A96E00F77831 /* Release */ = {
			isa = XCBuildConfiguration;
			buildSettings = {
				ALWAYS_SEARCH_USER_PATHS = NO;
				CLANG_ANALYZER_NONNULL = YES;
				CLANG_ANALYZER_NUMBER_OBJECT_CONVERSION = YES_AGGRESSIVE;
				CLANG_CXX_LANGUAGE_STANDARD = "gnu++14";
				CLANG_CXX_LIBRARY = "libc++";
				CLANG_ENABLE_MODULES = YES;
				CLANG_ENABLE_OBJC_ARC = YES;
				CLANG_ENABLE_OBJC_WEAK = YES;
				CLANG_WARN_BLOCK_CAPTURE_AUTORELEASING = YES;
				CLANG_WARN_BOOL_CONVERSION = YES;
				CLANG_WARN_COMMA = YES;
				CLANG_WARN_CONSTANT_CONVERSION = YES;
				CLANG_WARN_DEPRECATED_OBJC_IMPLEMENTATIONS = YES;
				CLANG_WARN_DIRECT_OBJC_ISA_USAGE = YES_ERROR;
				CLANG_WARN_DOCUMENTATION_COMMENTS = YES;
				CLANG_WARN_EMPTY_BODY = YES;
				CLANG_WARN_ENUM_CONVERSION = YES;
				CLANG_WARN_INFINITE_RECURSION = YES;
				CLANG_WARN_INT_CONVERSION = YES;
				CLANG_WARN_NON_LITERAL_NULL_CONVERSION = YES;
				CLANG_WARN_OBJC_IMPLICIT_RETAIN_SELF = YES;
				CLANG_WARN_OBJC_LITERAL_CONVERSION = YES;
				CLANG_WARN_OBJC_ROOT_CLASS = YES_ERROR;
				CLANG_WARN_QUOTED_INCLUDE_IN_FRAMEWORK_HEADER = YES;
				CLANG_WARN_RANGE_LOOP_ANALYSIS = YES;
				CLANG_WARN_STRICT_PROTOTYPES = YES;
				CLANG_WARN_SUSPICIOUS_MOVE = YES;
				CLANG_WARN_UNGUARDED_AVAILABILITY = YES_AGGRESSIVE;
				CLANG_WARN_UNREACHABLE_CODE = YES;
				CLANG_WARN__DUPLICATE_METHOD_MATCH = YES;
				COPY_PHASE_STRIP = NO;
				DEBUG_INFORMATION_FORMAT = "dwarf-with-dsym";
				ENABLE_NS_ASSERTIONS = NO;
				ENABLE_STRICT_OBJC_MSGSEND = YES;
				GCC_C_LANGUAGE_STANDARD = gnu11;
				GCC_NO_COMMON_BLOCKS = YES;
				GCC_WARN_64_TO_32_BIT_CONVERSION = YES;
				GCC_WARN_ABOUT_RETURN_TYPE = YES_ERROR;
				GCC_WARN_UNDECLARED_SELECTOR = YES;
				GCC_WARN_UNINITIALIZED_AUTOS = YES_AGGRESSIVE;
				GCC_WARN_UNUSED_FUNCTION = YES;
				GCC_WARN_UNUSED_VARIABLE = YES;
				IPHONEOS_DEPLOYMENT_TARGET = 14.4;
				MTL_ENABLE_DEBUG_INFO = NO;
				MTL_FAST_MATH = YES;
				SDKROOT = iphoneos;
				SWIFT_COMPILATION_MODE = wholemodule;
				SWIFT_OPTIMIZATION_LEVEL = "-O";
				VALIDATE_PRODUCT = YES;
			};
			name = Release;
		};
		D46EA2E328A1A96E00F77831 /* Debug */ = {
			isa = XCBuildConfiguration;
			buildSettings = {
				ASSETCATALOG_COMPILER_APPICON_NAME = AppIcon;
				ASSETCATALOG_COMPILER_GLOBAL_ACCENT_COLOR_NAME = AccentColor;
				CODE_SIGN_STYLE = Automatic;
				INFOPLIST_FILE = NavigationExample/Info.plist;
				LD_RUNPATH_SEARCH_PATHS = (
					"$(inherited)",
					"@executable_path/Frameworks",
				);
				PRODUCT_BUNDLE_IDENTIFIER = com.bootcamp.NavigationExample;
				PRODUCT_NAME = "$(TARGET_NAME)";
				SWIFT_VERSION = 5.0;
				TARGETED_DEVICE_FAMILY = "1,2";
			};
			name = Debug;
		};
		D46EA2E428A1A96E00F77831 /* Release */ = {
			isa = XCBuildConfiguration;
			buildSettings = {
				ASSETCATALOG_COMPILER_APPICON_NAME = AppIcon;
				ASSETCATALOG_COMPILER_GLOBAL_ACCENT_COLOR_NAME = AccentColor;
				CODE_SIGN_STYLE = Automatic;
				INFOPLIST_FILE = NavigationExample/Info.plist;
				LD_RUNPATH_SEARCH_PATHS = (
					"$(inherited)",
					"@executable_path/Frameworks",
				);
				PRODUCT_BUNDLE_IDENTIFIER = com.bootcamp.NavigationExample;
				PRODUCT_NAME = "$(TARGET_NAME)";
				SWIFT_VERSION = 5.0;
				TARGETED_DEVICE_FAMILY = "1,2";
			};
			name = Release;
		};
/* End XCBuildConfiguration section */

/* Begin XCConfigurationList section */
		D46EA2C928A1A96D00F77831 /* Build configuration list for PBXProject "NavigationExample" */ = {
			isa = XCConfigurationList;
			buildConfigurations = (
				D46EA2E028A1A96E00F77831 /* Debug */,
				D46EA2E128A1A96E00F77831 /* Release */,
			);
			defaultConfigurationIsVisible = 0;
			defaultConfigurationName = Release;
		};
		D46EA2E228A1A96E00F77831 /* Build configuration list for PBXNativeTarget "NavigationExample" */ = {
			isa = XCConfigurationList;
			buildConfigurations = (
				D46EA2E328A1A96E00F77831 /* Debug */,
				D46EA2E428A1A96E00F77831 /* Release */,
			);
			defaultConfigurationIsVisible = 0;
			defaultConfigurationName = Release;
		};
/* End XCConfigurationList section */
	};
	rootObject = D46EA2C628A1A96D00F77831 /* Project object */;
}
